
Microsoft Visual Studio Solution File, Format Version 12.00
# Visual Studio Version 17
VisualStudioVersion = 17.12.35527.113
MinimumVisualStudioVersion = 10.0.40219.1
Project("{FAE04EC0-301F-11D3-BF4B-00C04F79EFBC}") = "Database.Api", "Api\Database.Api.csproj", "{E6A9F2C9-BE5B-4E63-9C36-1D89BAAC4FC8}"
EndProject
Project("{FAE04EC0-301F-11D3-BF4B-00C04F79EFBC}") = "Database.Application", "..\Application\Database.Application.csproj", "{A829B829-396E-40EF-BAB8-6930C26FF428}"
EndProject
Project("{FAE04EC0-301F-11D3-BF4B-00C04F79EFBC}") = "Database.Domain", "..\Domain\Database.Domain.csproj", "{B6AE668A-E0A3-4491-9AD6-08C89E922EBE}"
EndProject
Project("{FAE04EC0-301F-11D3-BF4B-00C04F79EFBC}") = "Database.Infrastructure", "..\Infrastructure\Database.Infrastructure.csproj", "{C72295B1-59E8-4176-A91F-662ABDE76627}"
EndProject
Project("{FAE04EC0-301F-11D3-BF4B-00C04F79EFBC}") = "SharedLibrary", "..\..\SharedLibrary\SharedLibrary.csproj", "{7A450B66-A757-4646-B2B1-132705DAEDD4}"
EndProject
Global
	GlobalSection(SolutionConfigurationPlatforms) = preSolution
		Debug|Any CPU = Debug|Any CPU
		Release|Any CPU = Release|Any CPU
	EndGlobalSection
	GlobalSection(ProjectConfigurationPlatforms) = postSolution
		{E6A9F2C9-BE5B-4E63-9C36-1D89BAAC4FC8}.Debug|Any CPU.ActiveCfg = Debug|Any CPU
		{E6A9F2C9-BE5B-4E63-9C36-1D89BAAC4FC8}.Debug|Any CPU.Build.0 = Debug|Any CPU
		{E6A9F2C9-BE5B-4E63-9C36-1D89BAAC4FC8}.Release|Any CPU.ActiveCfg = Release|Any CPU
		{E6A9F2C9-BE5B-4E63-9C36-1D89BAAC4FC8}.Release|Any CPU.Build.0 = Release|Any CPU
		{A829B829-396E-40EF-BAB8-6930C26FF428}.Debug|Any CPU.ActiveCfg = Debug|Any CPU
		{A829B829-396E-40EF-BAB8-6930C26FF428}.Debug|Any CPU.Build.0 = Debug|Any CPU
		{A829B829-396E-40EF-BAB8-6930C26FF428}.Release|Any CPU.ActiveCfg = Release|Any CPU
		{A829B829-396E-40EF-BAB8-6930C26FF428}.Release|Any CPU.Build.0 = Release|Any CPU
		{B6AE668A-E0A3-4491-9AD6-08C89E922EBE}.Debug|Any CPU.ActiveCfg = Debug|Any CPU
		{B6AE668A-E0A3-4491-9AD6-08C89E922EBE}.Debug|Any CPU.Build.0 = Debug|Any CPU
		{B6AE668A-E0A3-4491-9AD6-08C89E922EBE}.Release|Any CPU.ActiveCfg = Release|Any CPU
		{B6AE668A-E0A3-4491-9AD6-08C89E922EBE}.Release|Any CPU.Build.0 = Release|Any CPU
		{C72295B1-59E8-4176-A91F-662ABDE76627}.Debug|Any CPU.ActiveCfg = Debug|Any CPU
		{C72295B1-59E8-4176-A91F-662ABDE76627}.Debug|Any CPU.Build.0 = Debug|Any CPU
		{C72295B1-59E8-4176-A91F-662ABDE76627}.Release|Any CPU.ActiveCfg = Release|Any CPU
		{C72295B1-59E8-4176-A91F-662ABDE76627}.Release|Any CPU.Build.0 = Release|Any CPU
		{7A450B66-A757-4646-B2B1-132705DAEDD4}.Debug|Any CPU.ActiveCfg = Debug|Any CPU
		{7A450B66-A757-4646-B2B1-132705DAEDD4}.Debug|Any CPU.Build.0 = Debug|Any CPU
		{7A450B66-A757-4646-B2B1-132705DAEDD4}.Release|Any CPU.ActiveCfg = Release|Any CPU
		{7A450B66-A757-4646-B2B1-132705DAEDD4}.Release|Any CPU.Build.0 = Release|Any CPU
	EndGlobalSection
	GlobalSection(SolutionProperties) = preSolution
		HideSolutionNode = FALSE
	EndGlobalSection
EndGlobal
